
Microsoft Visual Studio Solution File, Format Version 12.00
# Visual Studio 15
VisualStudioVersion = 15.0.28307.168
MinimumVisualStudioVersion = 10.0.40219.1
Project("{FAE04EC0-301F-11D3-BF4B-00C04F79EFBC}") = "DXCustomConnectionStringsConfiguration", "DXCustomConnectionStringsConfiguration\DXCustomConnectionStringsConfiguration.csproj", "{0F5B8854-F4F9-4B39-BFF7-29B3C1D38170}"
EndProject
Global
	GlobalSection(SolutionConfigurationPlatforms) = preSolution
		Debug|Any CPU = Debug|Any CPU
		Release|Any CPU = Release|Any CPU
	EndGlobalSection
	GlobalSection(ProjectConfigurationPlatforms) = postSolution
		{0F5B8854-F4F9-4B39-BFF7-29B3C1D38170}.Debug|Any CPU.ActiveCfg = Debug|Any CPU
		{0F5B8854-F4F9-4B39-BFF7-29B3C1D38170}.Debug|Any CPU.Build.0 = Debug|Any CPU
		{0F5B8854-F4F9-4B39-BFF7-29B3C1D38170}.Release|Any CPU.ActiveCfg = Release|Any CPU
		{0F5B8854-F4F9-4B39-BFF7-29B3C1D38170}.Release|Any CPU.Build.0 = Release|Any CPU
	EndGlobalSection
	GlobalSection(SolutionProperties) = preSolution
		HideSolutionNode = FALSE
	EndGlobalSection
	GlobalSection(ExtensibilityGlobals) = postSolution
		SolutionGuid = {77EC26DC-611C-429E-9692-D4C6E11B7985}
	EndGlobalSection
EndGlobal
